PODS:
  - Alamofire (5.0.5)
  - ObjectMapper (3.5.2)

DEPENDENCIES:
  - Alamofire
  - ObjectMapper

SPEC REPOS:
  trunk:
    - Alamofire
    - ObjectMapper

SPEC CHECKSUMS:
  Alamofire: df2f8f826963b08b9a870791ad48e07a10090b2e
  ObjectMapper: b53ae947d370bf89423e86be7d4e2d2b2a8d3f40

PODFILE CHECKSUM: e339a8f1a48758bb81bf27ff6c908c6be0839e05

COCOAPODS: 1.8.4
